// !$*UTF8*$!
{
	archiveVersion = 1;
	classes = {
	};
	objectVersion = 46;
	objects = {

/* Begin PBXBuildFile section */
		743E80D11F535F0300D8160C /* AppDelegate.swift in Sources */ = {isa = PBXBuildFile; fileRef = 743E80D01F535F0300D8160C /* AppDelegate.swift */; };
		743E80D31F535F0300D8160C /* WeatherViewController.swift in Sources */ = {isa = PBXBuildFile; fileRef = 743E80D21F535F0300D8160C /* WeatherViewController.swift */; };
		743E80D61F535F0300D8160C /* Main.storyboard in Resources */ = {isa = PBXBuildFile; fileRef = 743E80D41F535F0300D8160C /* Main.storyboard */; };
		743E80D91F535F0300D8160C /* RainGuage.xcdatamodeld in Sources */ = {isa = PBXBuildFile; fileRef = 743E80D71F535F0300D8160C /* RainGuage.xcdatamodeld */; };
		743E80DB1F535F0300D8160C /* Assets.xcassets in Resources */ = {isa = PBXBuildFile; fileRef = 743E80DA1F535F0300D8160C /* Assets.xcassets */; };
		743E80DE1F535F0300D8160C /* LaunchScreen.storyboard in Resources */ = {isa = PBXBuildFile; fileRef = 743E80DC1F535F0300D8160C /* LaunchScreen.storyboard */; };
		743E80E61F5C88A700D8160C /* Scratch.swift in Sources */ = {isa = PBXBuildFile; fileRef = 743E80E51F5C88A700D8160C /* Scratch.swift */; };
		74965E712071762B005B1CB9 /* noaaData.swift in Sources */ = {isa = PBXBuildFile; fileRef = 74965E702071762B005B1CB9 /* noaaData.swift */; };
		74AE4106207037BA0068333B /* Date+Extensions.swift in Sources */ = {isa = PBXBuildFile; fileRef = 74AE4105207037BA0068333B /* Date+Extensions.swift */; };
		74DA18AB2337D1DD007BB928 /* NoaaApi.swift in Sources */ = {isa = PBXBuildFile; fileRef = 74DA18AA2337D1DD007BB928 /* NoaaApi.swift */; };
		74DA18AD233811D2007BB928 /* GeoLocation.swift in Sources */ = {isa = PBXBuildFile; fileRef = 74DA18AC233811D2007BB928 /* GeoLocation.swift */; };
/* End PBXBuildFile section */

/* Begin PBXFileReference section */
		743E80CD1F535F0300D8160C /* RainGuage.app */ = {isa = PBXFileReference; explicitFileType = wrapper.application; includeInIndex = 0; path = RainGuage.app; sourceTree = BUILT_PRODUCTS_DIR; };
		743E80D01F535F0300D8160C /* AppDelegate.swift */ = {isa = PBXFileReference; lastKnownFileType = sourcecode.swift; path = AppDelegate.swift; sourceTree = "<group>"; };
		743E80D21F535F0300D8160C /* WeatherViewController.swift */ = {isa = PBXFileReference; lastKnownFileType = sourcecode.swift; path = WeatherViewController.swift; sourceTree = "<group>"; };
		743E80D51F535F0300D8160C /* Base */ = {isa = PBXFileReference; lastKnownFileType = file.storyboard; name = Base; path = Base.lproj/Main.storyboard; sourceTree = "<group>"; };
		743E80D81F535F0300D8160C /* RainGuage.xcdatamodel */ = {isa = PBXFileReference; lastKnownFileType = wrapper.xcdatamodel; path = RainGuage.xcdatamodel; sourceTree = "<group>"; };
		743E80DA1F535F0300D8160C /* Assets.xcassets */ = {isa = PBXFileReference; lastKnownFileType = folder.assetcatalog; path = Assets.xcassets; sourceTree = "<group>"; };
		743E80DD1F535F0300D8160C /* Base */ = {isa = PBXFileReference; lastKnownFileType = file.storyboard; name = Base; path = Base.lproj/LaunchScreen.storyboard; sourceTree = "<group>"; };
		743E80DF1F535F0300D8160C /* Info.plist */ = {isa = PBXFileReference; lastKnownFileType = text.plist.xml; path = Info.plist; sourceTree = "<group>"; };
		743E80E51F5C88A700D8160C /* Scratch.swift */ = {isa = PBXFileReference; fileEncoding = 4; lastKnownFileType = sourcecode.swift; path = Scratch.swift; sourceTree = "<group>"; };
		74965E702071762B005B1CB9 /* noaaData.swift */ = {isa = PBXFileReference; lastKnownFileType = sourcecode.swift; path = noaaData.swift; sourceTree = "<group>"; };
		74AE4105207037BA0068333B /* Date+Extensions.swift */ = {isa = PBXFileReference; lastKnownFileType = sourcecode.swift; path = "Date+Extensions.swift"; sourceTree = "<group>"; };
		74DA18AA2337D1DD007BB928 /* NoaaApi.swift */ = {isa = PBXFileReference; lastKnownFileType = sourcecode.swift; path = NoaaApi.swift; sourceTree = "<group>"; };
		74DA18AC233811D2007BB928 /* GeoLocation.swift */ = {isa = PBXFileReference; lastKnownFileType = sourcecode.swift; path = GeoLocation.swift; sourceTree = "<group>"; };
/* End PBXFileReference section */

/* Begin PBXFrameworksBuildPhase section */
		743E80CA1F535F0300D8160C /* Frameworks */ = {
			isa = PBXFrameworksBuildPhase;
			buildActionMask = 2147483647;
			files = (
			);
			runOnlyForDeploymentPostprocessing = 0;
		};
/* End PBXFrameworksBuildPhase section */

/* Begin PBXGroup section */
		743E80C41F535F0200D8160C = {
			isa = PBXGroup;
			children = (
				743E80CF1F535F0300D8160C /* RainGuage */,
				743E80CE1F535F0300D8160C /* Products */,
			);
			sourceTree = "<group>";
		};
		743E80CE1F535F0300D8160C /* Products */ = {
			isa = PBXGroup;
			children = (
				743E80CD1F535F0300D8160C /* RainGuage.app */,
			);
			name = Products;
			sourceTree = "<group>";
		};
		743E80CF1F535F0300D8160C /* RainGuage */ = {
			isa = PBXGroup;
			children = (
				743E80D01F535F0300D8160C /* AppDelegate.swift */,
				743E80DA1F535F0300D8160C /* Assets.xcassets */,
				7469A76423B28309006109BF /* Controllers */,
				74AE4107207038980068333B /* Extensions */,
				743E80DF1F535F0300D8160C /* Info.plist */,
				743E80DC1F535F0300D8160C /* LaunchScreen.storyboard */,
				743E80D41F535F0300D8160C /* Main.storyboard */,
				7469A76523B28313006109BF /* Model */,
				7469A76623B2831A006109BF /* ModelHelpers */,
				743E80D71F535F0300D8160C /* RainGuage.xcdatamodeld */,
				743E80E51F5C88A700D8160C /* Scratch.swift */,
				7469A76323B282FD006109BF /* Views */,
			);
			path = RainGuage;
			sourceTree = "<group>";
		};
		7469A76323B282FD006109BF /* Views */ = {
			isa = PBXGroup;
			children = (
			);
			path = Views;
			sourceTree = "<group>";
		};
		7469A76423B28309006109BF /* Controllers */ = {
			isa = PBXGroup;
			children = (
				743E80D21F535F0300D8160C /* WeatherViewController.swift */,
			);
			path = Controllers;
			sourceTree = "<group>";
		};
		7469A76523B28313006109BF /* Model */ = {
			isa = PBXGroup;
			children = (
				74DA18AA2337D1DD007BB928 /* NoaaApi.swift */,
				74965E702071762B005B1CB9 /* noaaData.swift */,
			);
			path = Model;
			sourceTree = "<group>";
		};
		7469A76623B2831A006109BF /* ModelHelpers */ = {
			isa = PBXGroup;
			children = (
				74DA18AC233811D2007BB928 /* GeoLocation.swift */,
			);
			path = ModelHelpers;
			sourceTree = "<group>";
		};
		74AE4107207038980068333B /* Extensions */ = {
			isa = PBXGroup;
			children = (
				74AE4105207037BA0068333B /* Date+Extensions.swift */,
			);
			path = Extensions;
			sourceTree = "<group>";
		};
/* End PBXGroup section */

/* Begin PBXNativeTarget section */
		743E80CC1F535F0300D8160C /* RainGuage */ = {
			isa = PBXNativeTarget;
			buildConfigurationList = 743E80E21F535F0300D8160C /* Build configuration list for PBXNativeTarget "RainGuage" */;
			buildPhases = (
				743E80C91F535F0300D8160C /* Sources */,
				743E80CA1F535F0300D8160C /* Frameworks */,
				743E80CB1F535F0300D8160C /* Resources */,
			);
			buildRules = (
			);
			dependencies = (
			);
			name = RainGuage;
			productName = RainGuage;
			productReference = 743E80CD1F535F0300D8160C /* RainGuage.app */;
			productType = "com.apple.product-type.application";
		};
/* End PBXNativeTarget section */

/* Begin PBXProject section */
		743E80C51F535F0300D8160C /* Project object */ = {
			isa = PBXProject;
			attributes = {
				LastSwiftUpdateCheck = 0830;
				LastUpgradeCheck = 1100;
				ORGANIZATIONNAME = "Stephen Page";
				TargetAttributes = {
					743E80CC1F535F0300D8160C = {
						CreatedOnToolsVersion = 8.3.3;
						DevelopmentTeam = 8KC3QZSWZ4;
						LastSwiftMigration = 1100;
						ProvisioningStyle = Automatic;
					};
				};
			};
			buildConfigurationList = 743E80C81F535F0300D8160C /* Build configuration list for PBXProject "RainGuage" */;
			compatibilityVersion = "Xcode 3.2";
			developmentRegion = en;
			hasScannedForEncodings = 0;
			knownRegions = (
				en,
				Base,
			);
			mainGroup = 743E80C41F535F0200D8160C;
			productRefGroup = 743E80CE1F535F0300D8160C /* Products */;
			projectDirPath = "";
			projectRoot = "";
			targets = (
				743E80CC1F535F0300D8160C /* RainGuage */,
			);
		};
/* End PBXProject section */

/* Begin PBXResourcesBuildPhase section */
		743E80CB1F535F0300D8160C /* Resources */ = {
			isa = PBXResourcesBuildPhase;
			buildActionMask = 2147483647;
			files = (
				743E80DE1F535F0300D8160C /* LaunchScreen.storyboard in Resources */,
				743E80DB1F535F0300D8160C /* Assets.xcassets in Resources */,
				743E80D61F535F0300D8160C /* Main.storyboard in Resources */,
			);
			runOnlyForDeploymentPostprocessing = 0;
		};
/* End PBXResourcesBuildPhase section */

/* Begin PBXSourcesBuildPhase section */
		743E80C91F535F0300D8160C /* Sources */ = {
			isa = PBXSourcesBuildPhase;
			buildActionMask = 2147483647;
			files = (
				74DA18AD233811D2007BB928 /* GeoLocation.swift in Sources */,
				743E80E61F5C88A700D8160C /* Scratch.swift in Sources */,
				743E80D31F535F0300D8160C /* WeatherViewController.swift in Sources */,
				74DA18AB2337D1DD007BB928 /* NoaaApi.swift in Sources */,
				74965E712071762B005B1CB9 /* noaaData.swift in Sources */,
				743E80D11F535F0300D8160C /* AppDelegate.swift in Sources */,
				74AE4106207037BA0068333B /* Date+Extensions.swift in Sources */,
				743E80D91F535F0300D8160C /* RainGuage.xcdatamodeld in Sources */,
			);
			runOnlyForDeploymentPostprocessing = 0;
		};
/* End PBXSourcesBuildPhase section */

/* Begin PBXVariantGroup section */
		743E80D41F535F0300D8160C /* Main.storyboard */ = {
			isa = PBXVariantGroup;
			children = (
				743E80D51F535F0300D8160C /* Base */,
			);
			name = Main.storyboard;
			sourceTree = "<group>";
		};
		743E80DC1F535F0300D8160C /* LaunchScreen.storyboard */ = {
			isa = PBXVariantGroup;
			children = (
				743E80DD1F535F0300D8160C /* Base */,
			);
			name = LaunchScreen.storyboard;
			sourceTree = "<group>";
		};
/* End PBXVariantGroup section */

/* Begin XCBuildConfiguration section */
		743E80E01F535F0300D8160C /* Debug */ = {
			isa = XCBuildConfiguration;
			buildSettings = {
				ALWAYS_SEARCH_USER_PATHS = NO;
				CLANG_ANALYZER_LOCALIZABILITY_NONLOCALIZED = YES;
				CLANG_ANALYZER_NONNULL = YES;
				CLANG_ANALYZER_NUMBER_OBJECT_CONVERSION = YES_AGGRESSIVE;
				CLANG_CXX_LANGUAGE_STANDARD = "gnu++0x";
				CLANG_CXX_LIBRARY = "libc++";
				CLANG_ENABLE_MODULES = YES;
				CLANG_ENABLE_OBJC_ARC = YES;
				CLANG_WARN_BLOCK_CAPTURE_AUTORELEASING = YES;
				CLANG_WARN_BOOL_CONVERSION = YES;
				CLANG_WARN_COMMA = YES;
				CLANG_WARN_CONSTANT_CONVERSION = YES;
				CLANG_WARN_DEPRECATED_OBJC_IMPLEMENTATIONS = YES;
				CLANG_WARN_DIRECT_OBJC_ISA_USAGE = YES_ERROR;
				CLANG_WARN_DOCUMENTATION_COMMENTS = YES;
				CLANG_WARN_EMPTY_BODY = YES;
				CLANG_WARN_ENUM_CONVERSION = YES;
				CLANG_WARN_INFINITE_RECURSION = YES;
				CLANG_WARN_INT_CONVERSION = YES;
				CLANG_WARN_NON_LITERAL_NULL_CONVERSION = YES;
				CLANG_WARN_OBJC_IMPLICIT_RETAIN_SELF = YES;
				CLANG_WARN_OBJC_LITERAL_CONVERSION = YES;
				CLANG_WARN_OBJC_ROOT_CLASS = YES_ERROR;
				CLANG_WARN_RANGE_LOOP_ANALYSIS = YES;
				CLANG_WARN_STRICT_PROTOTYPES = YES;
				CLANG_WARN_SUSPICIOUS_MOVE = YES;
				CLANG_WARN_UNREACHABLE_CODE = YES;
				CLANG_WARN__DUPLICATE_METHOD_MATCH = YES;
				"CODE_SIGN_IDENTITY[sdk=iphoneos*]" = "iPhone Developer";
				COPY_PHASE_STRIP = NO;
				DEBUG_INFORMATION_FORMAT = dwarf;
				ENABLE_STRICT_OBJC_MSGSEND = YES;
				ENABLE_TESTABILITY = YES;
				GCC_C_LANGUAGE_STANDARD = gnu99;
				GCC_DYNAMIC_NO_PIC = NO;
				GCC_NO_COMMON_BLOCKS = YES;
				GCC_OPTIMIZATION_LEVEL = 0;
				GCC_PREPROCESSOR_DEFINITIONS = (
					"DEBUG=1",
					"$(inherited)",
				);
				GCC_WARN_64_TO_32_BIT_CONVERSION = YES;
				GCC_WARN_ABOUT_RETURN_TYPE = YES_ERROR;
				GCC_WARN_UNDECLARED_SELECTOR = YES;
				GCC_WARN_UNINITIALIZED_AUTOS = YES_AGGRESSIVE;
				GCC_WARN_UNUSED_FUNCTION = YES;
				GCC_WARN_UNUSED_VARIABLE = YES;
				IPHONEOS_DEPLOYMENT_TARGET = 10.2;
				MTL_ENABLE_DEBUG_INFO = YES;
				ONLY_ACTIVE_ARCH = YES;
				SDKROOT = iphoneos;
				SWIFT_ACTIVE_COMPILATION_CONDITIONS = DEBUG;
				SWIFT_OPTIMIZATION_LEVEL = "-Onone";
				TARGETED_DEVICE_FAMILY = "1,2";
			};
			name = Debug;
		};
		743E80E11F535F0300D8160C /* Release */ = {
			isa = XCBuildConfiguration;
			buildSettings = {
				ALWAYS_SEARCH_USER_PATHS = NO;
				CLANG_ANALYZER_LOCALIZABILITY_NONLOCALIZED = YES;
				CLANG_ANALYZER_NONNULL = YES;
				CLANG_ANALYZER_NUMBER_OBJECT_CONVERSION = YES_AGGRESSIVE;
				CLANG_CXX_LANGUAGE_STANDARD = "gnu++0x";
				CLANG_CXX_LIBRARY = "libc++";
				CLANG_ENABLE_MODULES = YES;
				CLANG_ENABLE_OBJC_ARC = YES;
				CLANG_WARN_BLOCK_CAPTURE_AUTORELEASING = YES;
				CLANG_WARN_BOOL_CONVERSION = YES;
				CLANG_WARN_COMMA = YES;
				CLANG_WARN_CONSTANT_CONVERSION = YES;
				CLANG_WARN_DEPRECATED_OBJC_IMPLEMENTATIONS = YES;
				CLANG_WARN_DIRECT_OBJC_ISA_USAGE = YES_ERROR;
				CLANG_WARN_DOCUMENTATION_COMMENTS = YES;
				CLANG_WARN_EMPTY_BODY = YES;
				CLANG_WARN_ENUM_CONVERSION = YES;
				CLANG_WARN_INFINITE_RECURSION = YES;
				CLANG_WARN_INT_CONVERSION = YES;
				CLANG_WARN_NON_LITERAL_NULL_CONVERSION = YES;
				CLANG_WARN_OBJC_IMPLICIT_RETAIN_SELF = YES;
				CLANG_WARN_OBJC_LITERAL_CONVERSION = YES;
				CLANG_WARN_OBJC_ROOT_CLASS = YES_ERROR;
				CLANG_WARN_RANGE_LOOP_ANALYSIS = YES;
				CLANG_WARN_STRICT_PROTOTYPES = YES;
				CLANG_WARN_SUSPICIOUS_MOVE = YES;
				CLANG_WARN_UNREACHABLE_CODE = YES;
				CLANG_WARN__DUPLICATE_METHOD_MATCH = YES;
				"CODE_SIGN_IDENTITY[sdk=iphoneos*]" = "iPhone Developer";
				COPY_PHASE_STRIP = NO;
				DEBUG_INFORMATION_FORMAT = "dwarf-with-dsym";
				ENABLE_NS_ASSERTIONS = NO;
				ENABLE_STRICT_OBJC_MSGSEND = YES;
				GCC_C_LANGUAGE_STANDARD = gnu99;
				GCC_NO_COMMON_BLOCKS = YES;
				GCC_WARN_64_TO_32_BIT_CONVERSION = YES;
				GCC_WARN_ABOUT_RETURN_TYPE = YES_ERROR;
				GCC_WARN_UNDECLARED_SELECTOR = YES;
				GCC_WARN_UNINITIALIZED_AUTOS = YES_AGGRESSIVE;
				GCC_WARN_UNUSED_FUNCTION = YES;
				GCC_WARN_UNUSED_VARIABLE = YES;
				IPHONEOS_DEPLOYMENT_TARGET = 10.2;
				MTL_ENABLE_DEBUG_INFO = NO;
				SDKROOT = iphoneos;
				SWIFT_OPTIMIZATION_LEVEL = "-Owholemodule";
				TARGETED_DEVICE_FAMILY = "1,2";
				VALIDATE_PRODUCT = YES;
			};
			name = Release;
		};
		743E80E31F535F0300D8160C /* Debug */ = {
			isa = XCBuildConfiguration;
			buildSettings = {
				ASSETCATALOG_COMPILER_APPICON_NAME = AppIcon;
				DEVELOPMENT_TEAM = 8KC3QZSWZ4;
				INFOPLIST_FILE = RainGuage/Info.plist;
				LD_RUNPATH_SEARCH_PATHS = "$(inherited) @executable_path/Frameworks";
				PRODUCT_BUNDLE_IDENTIFIER = com.stephenpage.RainGuage;
				PRODUCT_NAME = "$(TARGET_NAME)";
				SWIFT_SWIFT3_OBJC_INFERENCE = On;
				SWIFT_VERSION = 5.0;
			};
			name = Debug;
		};
		743E80E41F535F0300D8160C /* Release */ = {
			isa = XCBuildConfiguration;
			buildSettings = {
				ASSETCATALOG_COMPILER_APPICON_NAME = AppIcon;
				DEVELOPMENT_TEAM = 8KC3QZSWZ4;
				INFOPLIST_FILE = RainGuage/Info.plist;
				LD_RUNPATH_SEARCH_PATHS = "$(inherited) @executable_path/Frameworks";
				PRODUCT_BUNDLE_IDENTIFIER = com.stephenpage.RainGuage;
				PRODUCT_NAME = "$(TARGET_NAME)";
				SWIFT_SWIFT3_OBJC_INFERENCE = On;
				SWIFT_VERSION = 5.0;
			};
			name = Release;
		};
/* End XCBuildConfiguration section */

/* Begin XCConfigurationList section */
		743E80C81F535F0300D8160C /* Build configuration list for PBXProject "RainGuage" */ = {
			isa = XCConfigurationList;
			buildConfigurations = (
				743E80E01F535F0300D8160C /* Debug */,
				743E80E11F535F0300D8160C /* Release */,
			);
			defaultConfigurationIsVisible = 0;
			defaultConfigurationName = Release;
		};
		743E80E21F535F0300D8160C /* Build configuration list for PBXNativeTarget "RainGuage" */ = {
			isa = XCConfigurationList;
			buildConfigurations = (
				743E80E31F535F0300D8160C /* Debug */,
				743E80E41F535F0300D8160C /* Release */,
			);
			defaultConfigurationIsVisible = 0;
			defaultConfigurationName = Release;
		};
/* End XCConfigurationList section */

/* Begin XCVersionGroup section */
		743E80D71F535F0300D8160C /* RainGuage.xcdatamodeld */ = {
			isa = XCVersionGroup;
			children = (
				743E80D81F535F0300D8160C /* RainGuage.xcdatamodel */,
			);
			currentVersion = 743E80D81F535F0300D8160C /* RainGuage.xcdatamodel */;
			path = RainGuage.xcdatamodeld;
			sourceTree = "<group>";
			versionGroupType = wrapper.xcdatamodel;
		};
/* End XCVersionGroup section */
	};
	rootObject = 743E80C51F535F0300D8160C /* Project object */;
}
